<Solution>
  <Folder Name="/src/">
    <Project Path="src/FiapCloundGames.API/FiapCloundGames.API.csproj" Id="c1edca7b-ed13-4737-8314-fc3edb1d749a" />
  </Folder>
  <Folder Name="/tests/">
    <Project Path="tests/FiapCloundGames.BDD/FiapCloundGames.BDD.Tests.csproj" Id="bea2e305-11a5-42c5-a08b-dd5b714c47ef" />
    <Project Path="tests/FiapCloundGames.UnitTests/FiapCloundGames.UnitTests.csproj" Id="76769519-502c-4eb4-be6a-89f85e1e9389" />
  </Folder>
</Solution>
